
Microsoft Visual Studio Solution File, Format Version 12.00
# Visual Studio 15
VisualStudioVersion = 15.0.26730.12
MinimumVisualStudioVersion = 10.0.40219.1
Project("{9A19103F-16F7-4668-BE54-9A1E7A4F7556}") = "PropertyOwner", "PropertyOwner\PropertyOwner.csproj", "{148BC04B-E74A-49FF-B0D5-5B377511BD8E}"
EndProject
Project("{9A19103F-16F7-4668-BE54-9A1E7A4F7556}") = "RealCloud.Data", "PropertyOwnerLib\RealCloud.Data.csproj", "{6F45B067-0176-498A-BE54-2A853E2E2FB7}"
EndProject
Project("{9A19103F-16F7-4668-BE54-9A1E7A4F7556}") = "PropertyOwnerTest", "PropertyOwnerTest\PropertyOwnerTest.csproj", "{BDE77329-8836-4E11-A164-7BA67276C666}"
EndProject
Global
	GlobalSection(SolutionConfigurationPlatforms) = preSolution
		Debug|Any CPU = Debug|Any CPU
		Release|Any CPU = Release|Any CPU
	EndGlobalSection
	GlobalSection(ProjectConfigurationPlatforms) = postSolution
		{148BC04B-E74A-49FF-B0D5-5B377511BD8E}.Debug|Any CPU.ActiveCfg = Debug|Any CPU
		{148BC04B-E74A-49FF-B0D5-5B377511BD8E}.Debug|Any CPU.Build.0 = Debug|Any CPU
		{148BC04B-E74A-49FF-B0D5-5B377511BD8E}.Release|Any CPU.ActiveCfg = Release|Any CPU
		{148BC04B-E74A-49FF-B0D5-5B377511BD8E}.Release|Any CPU.Build.0 = Release|Any CPU
		{6F45B067-0176-498A-BE54-2A853E2E2FB7}.Debug|Any CPU.ActiveCfg = Debug|Any CPU
		{6F45B067-0176-498A-BE54-2A853E2E2FB7}.Debug|Any CPU.Build.0 = Debug|Any CPU
		{6F45B067-0176-498A-BE54-2A853E2E2FB7}.Release|Any CPU.ActiveCfg = Release|Any CPU
		{6F45B067-0176-498A-BE54-2A853E2E2FB7}.Release|Any CPU.Build.0 = Release|Any CPU
		{BDE77329-8836-4E11-A164-7BA67276C666}.Debug|Any CPU.ActiveCfg = Debug|Any CPU
		{BDE77329-8836-4E11-A164-7BA67276C666}.Debug|Any CPU.Build.0 = Debug|Any CPU
		{BDE77329-8836-4E11-A164-7BA67276C666}.Release|Any CPU.ActiveCfg = Release|Any CPU
		{BDE77329-8836-4E11-A164-7BA67276C666}.Release|Any CPU.Build.0 = Release|Any CPU
	EndGlobalSection
	GlobalSection(SolutionProperties) = preSolution
		HideSolutionNode = FALSE
	EndGlobalSection
	GlobalSection(ExtensibilityGlobals) = postSolution
		SolutionGuid = {0DD797C4-6E8C-42CA-ADF0-CA07DDE072FA}
	EndGlobalSection
EndGlobal
